
Microsoft Visual Studio Solution File, Format Version 12.00
# Visual Studio Version 16
VisualStudioVersion = 16.0.31129.286
MinimumVisualStudioVersion = 10.0.40219.1
Project("{FAE04EC0-301F-11D3-BF4B-00C04F79EFBC}") = "Web", "Web\Web.csproj", "{4DCB654E-0A49-49AB-B0AE-CF6E4CA0C752}"
EndProject
Global
	GlobalSection(SolutionConfigurationPlatforms) = preSolution
		Debug|Any CPU = Debug|Any CPU
		Release|Any CPU = Release|Any CPU
	EndGlobalSection
	GlobalSection(ProjectConfigurationPlatforms) = postSolution
		{4DCB654E-0A49-49AB-B0AE-CF6E4CA0C752}.Debug|Any CPU.ActiveCfg = Debug|Any CPU
		{4DCB654E-0A49-49AB-B0AE-CF6E4CA0C752}.Debug|Any CPU.Build.0 = Debug|Any CPU
		{4DCB654E-0A49-49AB-B0AE-CF6E4CA0C752}.Release|Any CPU.ActiveCfg = Release|Any CPU
		{4DCB654E-0A49-49AB-B0AE-CF6E4CA0C752}.Release|Any CPU.Build.0 = Release|Any CPU
	EndGlobalSection
	GlobalSection(SolutionProperties) = preSolution
		HideSolutionNode = FALSE
	EndGlobalSection
	GlobalSection(ExtensibilityGlobals) = postSolution
		SolutionGuid = {F45737F3-7402-4717-B1C8-C38166613119}
	EndGlobalSection
EndGlobal
